
Microsoft Visual Studio Solution File, Format Version 12.00
# Visual Studio 15
VisualStudioVersion = 15.0.26730.16
MinimumVisualStudioVersion = 10.0.40219.1
Project("{9A19103F-16F7-4668-BE54-9A1E7A4F7556}") = "NanoIoC", "NanoIoC\NanoIoC.csproj", "{2DFA2D28-96F1-4ECC-886C-D1525792295C}"
EndProject
Project("{9A19103F-16F7-4668-BE54-9A1E7A4F7556}") = "NanoIoC.Tests", "NanoIoC.Tests\NanoIoC.Tests.csproj", "{5AACAC91-E05B-45F8-8091-2804829A4425}"
EndProject
Project("{2150E333-8FDC-42A3-9474-1A3956D46DE8}") = "Solution Items", "Solution Items", "{B474D97C-32CE-43EA-8312-3318ED357F5B}"
	ProjectSection(SolutionItems) = preProject
		..\paket.dependencies = ..\paket.dependencies
	EndProjectSection
EndProject
Global
	GlobalSection(SolutionConfigurationPlatforms) = preSolution
		Debug|Any CPU = Debug|Any CPU
		Release|Any CPU = Release|Any CPU
	EndGlobalSection
	GlobalSection(ProjectConfigurationPlatforms) = postSolution
		{2DFA2D28-96F1-4ECC-886C-D1525792295C}.Debug|Any CPU.ActiveCfg = Debug|Any CPU
		{2DFA2D28-96F1-4ECC-886C-D1525792295C}.Debug|Any CPU.Build.0 = Debug|Any CPU
		{2DFA2D28-96F1-4ECC-886C-D1525792295C}.Release|Any CPU.ActiveCfg = Release|Any CPU
		{2DFA2D28-96F1-4ECC-886C-D1525792295C}.Release|Any CPU.Build.0 = Release|Any CPU
		{5AACAC91-E05B-45F8-8091-2804829A4425}.Debug|Any CPU.ActiveCfg = Debug|Any CPU
		{5AACAC91-E05B-45F8-8091-2804829A4425}.Debug|Any CPU.Build.0 = Debug|Any CPU
		{5AACAC91-E05B-45F8-8091-2804829A4425}.Release|Any CPU.ActiveCfg = Release|Any CPU
		{5AACAC91-E05B-45F8-8091-2804829A4425}.Release|Any CPU.Build.0 = Release|Any CPU
	EndGlobalSection
	GlobalSection(SolutionProperties) = preSolution
		HideSolutionNode = FALSE
	EndGlobalSection
	GlobalSection(ExtensibilityGlobals) = postSolution
		SolutionGuid = {E5262574-BE90-46D2-91C4-79F29EA4A985}
	EndGlobalSection
EndGlobal
