
Microsoft Visual Studio Solution File, Format Version 12.00
# Visual Studio 15
VisualStudioVersion = 15.0.27130.2036
MinimumVisualStudioVersion = 10.0.40219.1
Project("{2150E333-8FDC-42A3-9474-1A3956D46DE8}") = "Container", "Container", "{16F31FC6-E1BB-4399-9A25-9E4215A41B72}"
	ProjectSection(SolutionItems) = preProject
		..\.editorconfig = ..\.editorconfig
		..\appveyor.yml = ..\appveyor.yml
		..\readme.md = ..\readme.md
	EndProjectSection
EndProject
Project("{9A19103F-16F7-4668-BE54-9A1E7A4F7556}") = "NanoIoC", "NanoIoC\NanoIoC.csproj", "{BC37B674-AD78-4F37-9D8D-3AE092AA11BD}"
EndProject
Project("{9A19103F-16F7-4668-BE54-9A1E7A4F7556}") = "NanoIoC.Extensions.DependencyInjection", "NanoIoC.Extensions.DependencyInjection\NanoIoC.Extensions.DependencyInjection.csproj", "{F95EADAF-B587-4432-8537-ED55F4C05C29}"
EndProject
Project("{9A19103F-16F7-4668-BE54-9A1E7A4F7556}") = "NanoIoC.Tests", "NanoIoC.Tests\NanoIoC.Tests.csproj", "{4172F924-3AC3-4777-BB0F-87042C469AC3}"
EndProject
Project("{FAE04EC0-301F-11D3-BF4B-00C04F79EFBC}") = "NanoIoC.Extensions.DependencyInjection.Tests", "NanoIoC.Extensions.DependencyInjection.Tests\NanoIoC.Extensions.DependencyInjection.Tests.csproj", "{9D5F088A-6CEA-4DBD-A9BB-7C31F9B08D35}"
EndProject
Global
	GlobalSection(SolutionConfigurationPlatforms) = preSolution
		Debug|Any CPU = Debug|Any CPU
		Release|Any CPU = Release|Any CPU
	EndGlobalSection
	GlobalSection(ProjectConfigurationPlatforms) = postSolution
		{BC37B674-AD78-4F37-9D8D-3AE092AA11BD}.Debug|Any CPU.ActiveCfg = Debug|Any CPU
		{BC37B674-AD78-4F37-9D8D-3AE092AA11BD}.Debug|Any CPU.Build.0 = Debug|Any CPU
		{BC37B674-AD78-4F37-9D8D-3AE092AA11BD}.Release|Any CPU.ActiveCfg = Release|Any CPU
		{BC37B674-AD78-4F37-9D8D-3AE092AA11BD}.Release|Any CPU.Build.0 = Release|Any CPU
		{F95EADAF-B587-4432-8537-ED55F4C05C29}.Debug|Any CPU.ActiveCfg = Debug|Any CPU
		{F95EADAF-B587-4432-8537-ED55F4C05C29}.Debug|Any CPU.Build.0 = Debug|Any CPU
		{F95EADAF-B587-4432-8537-ED55F4C05C29}.Release|Any CPU.ActiveCfg = Release|Any CPU
		{F95EADAF-B587-4432-8537-ED55F4C05C29}.Release|Any CPU.Build.0 = Release|Any CPU
		{4172F924-3AC3-4777-BB0F-87042C469AC3}.Debug|Any CPU.ActiveCfg = Debug|Any CPU
		{4172F924-3AC3-4777-BB0F-87042C469AC3}.Debug|Any CPU.Build.0 = Debug|Any CPU
		{4172F924-3AC3-4777-BB0F-87042C469AC3}.Release|Any CPU.ActiveCfg = Release|Any CPU
		{4172F924-3AC3-4777-BB0F-87042C469AC3}.Release|Any CPU.Build.0 = Release|Any CPU
		{9D5F088A-6CEA-4DBD-A9BB-7C31F9B08D35}.Debug|Any CPU.ActiveCfg = Debug|Any CPU
		{9D5F088A-6CEA-4DBD-A9BB-7C31F9B08D35}.Debug|Any CPU.Build.0 = Debug|Any CPU
		{9D5F088A-6CEA-4DBD-A9BB-7C31F9B08D35}.Release|Any CPU.ActiveCfg = Release|Any CPU
		{9D5F088A-6CEA-4DBD-A9BB-7C31F9B08D35}.Release|Any CPU.Build.0 = Release|Any CPU
	EndGlobalSection
	GlobalSection(SolutionProperties) = preSolution
		HideSolutionNode = FALSE
	EndGlobalSection
	GlobalSection(ExtensibilityGlobals) = postSolution
		SolutionGuid = {49D8681B-2386-442D-9158-185078A1E004}
	EndGlobalSection
EndGlobal
