
Microsoft Visual Studio Solution File, Format Version 12.00
# Visual Studio 15
VisualStudioVersion = 15.0.26403.7
MinimumVisualStudioVersion = 10.0.40219.1
Project("{2150E333-8FDC-42A3-9474-1A3956D46DE8}") = "build", "build", "{16F31FC6-E1BB-4399-9A25-9E4215A41B72}"
	ProjectSection(SolutionItems) = preProject
		..\.editorconfig = ..\.editorconfig
		..\paket.dependencies = ..\paket.dependencies
		..\readme.md = ..\readme.md
	EndProjectSection
EndProject
Project("{FAE04EC0-301F-11D3-BF4B-00C04F79EFBC}") = "NanoIoC", "NanoIoC\NanoIoC.csproj", "{BC37B674-AD78-4F37-9D8D-3AE092AA11BD}"
EndProject
Project("{FAE04EC0-301F-11D3-BF4B-00C04F79EFBC}") = "NanoIoC.Tests", "NanoIoC.Tests\NanoIoC.Tests.csproj", "{421F01D9-2D1C-4D75-AAAF-EE13131B455C}"
EndProject
Global
	GlobalSection(SolutionConfigurationPlatforms) = preSolution
		Debug|Any CPU = Debug|Any CPU
		Release|Any CPU = Release|Any CPU
	EndGlobalSection
	GlobalSection(ProjectConfigurationPlatforms) = postSolution
		{BC37B674-AD78-4F37-9D8D-3AE092AA11BD}.Debug|Any CPU.ActiveCfg = Debug|Any CPU
		{BC37B674-AD78-4F37-9D8D-3AE092AA11BD}.Debug|Any CPU.Build.0 = Debug|Any CPU
		{BC37B674-AD78-4F37-9D8D-3AE092AA11BD}.Release|Any CPU.ActiveCfg = Release|Any CPU
		{BC37B674-AD78-4F37-9D8D-3AE092AA11BD}.Release|Any CPU.Build.0 = Release|Any CPU
		{421F01D9-2D1C-4D75-AAAF-EE13131B455C}.Debug|Any CPU.ActiveCfg = Debug|Any CPU
		{421F01D9-2D1C-4D75-AAAF-EE13131B455C}.Debug|Any CPU.Build.0 = Debug|Any CPU
		{421F01D9-2D1C-4D75-AAAF-EE13131B455C}.Release|Any CPU.ActiveCfg = Release|Any CPU
		{421F01D9-2D1C-4D75-AAAF-EE13131B455C}.Release|Any CPU.Build.0 = Release|Any CPU
	EndGlobalSection
	GlobalSection(SolutionProperties) = preSolution
		HideSolutionNode = FALSE
	EndGlobalSection
EndGlobal
